// !$*UTF8*$!
{
	archiveVersion = 1;
	classes = {
	};
	objectVersion = 50;
	objects = {

/* Begin PBXBuildFile section */
		CEFEC40F22269D4600D3406C /* AppDelegate.swift in Sources */ = {isa = PBXBuildFile; fileRef = CEFEC40E22269D4600D3406C /* AppDelegate.swift */; };
		CEFEC41122269D4600D3406C /* ViewController.swift in Sources */ = {isa = PBXBuildFile; fileRef = CEFEC41022269D4600D3406C /* ViewController.swift */; };
		CEFEC41422269D4600D3406C /* Main.storyboard in Resources */ = {isa = PBXBuildFile; fileRef = CEFEC41222269D4600D3406C /* Main.storyboard */; };
		CEFEC41622269D5A00D3406C /* Assets.xcassets in Resources */ = {isa = PBXBuildFile; fileRef = CEFEC41522269D5A00D3406C /* Assets.xcassets */; };
		CEFEC41922269D5A00D3406C /* LaunchScreen.storyboard in Resources */ = {isa = PBXBuildFile; fileRef = CEFEC41722269D5A00D3406C /* LaunchScreen.storyboard */; };
		CEFEC42422269D5A00D3406C /* helloworldTests.swift in Sources */ = {isa = PBXBuildFile; fileRef = CEFEC42322269D5A00D3406C /* helloworldTests.swift */; };
		CEFEC42F22269D5A00D3406C /* helloworldUITests.swift in Sources */ = {isa = PBXBuildFile; fileRef = CEFEC42E22269D5A00D3406C /* helloworldUITests.swift */; };
/* End PBXBuildFile section */

/* Begin PBXContainerItemProxy section */
		CEFEC42022269D5A00D3406C /* PBXContainerItemProxy */ = {
			isa = PBXContainerItemProxy;
			containerPortal = CEFEC40322269D4500D3406C /* Project object */;
			proxyType = 1;
			remoteGlobalIDString = CEFEC40A22269D4600D3406C;
			remoteInfo = helloworld;
		};
		CEFEC42B22269D5A00D3406C /* PBXContainerItemProxy */ = {
			isa = PBXContainerItemProxy;
			containerPortal = CEFEC40322269D4500D3406C /* Project object */;
			proxyType = 1;
			remoteGlobalIDString = CEFEC40A22269D4600D3406C;
			remoteInfo = helloworld;
		};
/* End PBXContainerItemProxy section */

/* Begin PBXFileReference section */
		CEFEC40B22269D4600D3406C /* helloworld.app */ = {isa = PBXFileReference; explicitFileType = wrapper.application; includeInIndex = 0; path = helloworld.app; sourceTree = BUILT_PRODUCTS_DIR; };
		CEFEC40E22269D4600D3406C /* AppDelegate.swift */ = {isa = PBXFileReference; lastKnownFileType = sourcecode.swift; path = AppDelegate.swift; sourceTree = "<group>"; };
		CEFEC41022269D4600D3406C /* ViewController.swift */ = {isa = PBXFileReference; lastKnownFileType = sourcecode.swift; path = ViewController.swift; sourceTree = "<group>"; };
		CEFEC41322269D4600D3406C /* Base */ = {isa = PBXFileReference; lastKnownFileType = file.storyboard; name = Base; path = Base.lproj/Main.storyboard; sourceTree = "<group>"; };
		CEFEC41522269D5A00D3406C /* Assets.xcassets */ = {isa = PBXFileReference; lastKnownFileType = folder.assetcatalog; path = Assets.xcassets; sourceTree = "<group>"; };
		CEFEC41822269D5A00D3406C /* Base */ = {isa = PBXFileReference; lastKnownFileType = file.storyboard; name = Base; path = Base.lproj/LaunchScreen.storyboard; sourceTree = "<group>"; };
		CEFEC41A22269D5A00D3406C /* Info.plist */ = {isa = PBXFileReference; lastKnownFileType = text.plist.xml; path = Info.plist; sourceTree = "<group>"; };
		CEFEC41F22269D5A00D3406C /* helloworldTests.xctest */ = {isa = PBXFileReference; explicitFileType = wrapper.cfbundle; includeInIndex = 0; path = helloworldTests.xctest; sourceTree = BUILT_PRODUCTS_DIR; };
		CEFEC42322269D5A00D3406C /* helloworldTests.swift */ = {isa = PBXFileReference; lastKnownFileType = sourcecode.swift; path = helloworldTests.swift; sourceTree = "<group>"; };
		CEFEC42522269D5A00D3406C /* Info.plist */ = {isa = PBXFileReference; lastKnownFileType = text.plist.xml; path = Info.plist; sourceTree = "<group>"; };
		CEFEC42A22269D5A00D3406C /* helloworldUITests.xctest */ = {isa = PBXFileReference; explicitFileType = wrapper.cfbundle; includeInIndex = 0; path = helloworldUITests.xctest; sourceTree = BUILT_PRODUCTS_DIR; };
		CEFEC42E22269D5A00D3406C /* helloworldUITests.swift */ = {isa = PBXFileReference; lastKnownFileType = sourcecode.swift; path = helloworldUITests.swift; sourceTree = "<group>"; };
		CEFEC43022269D5A00D3406C /* Info.plist */ = {isa = PBXFileReference; lastKnownFileType = text.plist.xml; path = Info.plist; sourceTree = "<group>"; };
/* End PBXFileReference section */

/* Begin PBXFrameworksBuildPhase section */
		CEFEC40822269D4600D3406C /* Frameworks */ = {
			isa = PBXFrameworksBuildPhase;
			buildActionMask = 2147483647;
			files = (
			);
			runOnlyForDeploymentPostprocessing = 0;
		};
		CEFEC41C22269D5A00D3406C /* Frameworks */ = {
			isa = PBXFrameworksBuildPhase;
			buildActionMask = 2147483647;
			files = (
			);
			runOnlyForDeploymentPostprocessing = 0;
		};
		CEFEC42722269D5A00D3406C /* Frameworks */ = {
			isa = PBXFrameworksBuildPhase;
			buildActionMask = 2147483647;
			files = (
			);
			runOnlyForDeploymentPostprocessing = 0;
		};
/* End PBXFrameworksBuildPhase section */

/* Begin PBXGroup section */
		CEFEC40222269D4500D3406C = {
			isa = PBXGroup;
			children = (
				CEFEC40D22269D4600D3406C /* helloworld */,
				CEFEC42222269D5A00D3406C /* helloworldTests */,
				CEFEC42D22269D5A00D3406C /* helloworldUITests */,
				CEFEC40C22269D4600D3406C /* Products */,
			);
			sourceTree = "<group>";
		};
		CEFEC40C22269D4600D3406C /* Products */ = {
			isa = PBXGroup;
			children = (
				CEFEC40B22269D4600D3406C /* helloworld.app */,
				CEFEC41F22269D5A00D3406C /* helloworldTests.xctest */,
				CEFEC42A22269D5A00D3406C /* helloworldUITests.xctest */,
			);
			name = Products;
			sourceTree = "<group>";
		};
		CEFEC40D22269D4600D3406C /* helloworld */ = {
			isa = PBXGroup;
			children = (
				CEFEC40E22269D4600D3406C /* AppDelegate.swift */,
				CEFEC41022269D4600D3406C /* ViewController.swift */,
				CEFEC41222269D4600D3406C /* Main.storyboard */,
				CEFEC41522269D5A00D3406C /* Assets.xcassets */,
				CEFEC41722269D5A00D3406C /* LaunchScreen.storyboard */,
				CEFEC41A22269D5A00D3406C /* Info.plist */,
			);
			path = helloworld;
			sourceTree = "<group>";
		};
		CEFEC42222269D5A00D3406C /* helloworldTests */ = {
			isa = PBXGroup;
			children = (
				CEFEC42322269D5A00D3406C /* helloworldTests.swift */,
				CEFEC42522269D5A00D3406C /* Info.plist */,
			);
			path = helloworldTests;
			sourceTree = "<group>";
		};
		CEFEC42D22269D5A00D3406C /* helloworldUITests */ = {
			isa = PBXGroup;
			children = (
				CEFEC42E22269D5A00D3406C /* helloworldUITests.swift */,
				CEFEC43022269D5A00D3406C /* Info.plist */,
			);
			path = helloworldUITests;
			sourceTree = "<group>";
		};
/* End PBXGroup section */

/* Begin PBXNativeTarget section */
		CEFEC40A22269D4600D3406C /* helloworld */ = {
			isa = PBXNativeTarget;
			buildConfigurationList = CEFEC43322269D5A00D3406C /* Build configuration list for PBXNativeTarget "helloworld" */;
			buildPhases = (
				CEFEC40722269D4600D3406C /* Sources */,
				CEFEC40822269D4600D3406C /* Frameworks */,
				CEFEC40922269D4600D3406C /* Resources */,
			);
			buildRules = (
			);
			dependencies = (
			);
			name = helloworld;
			productName = helloworld;
			productReference = CEFEC40B22269D4600D3406C /* helloworld.app */;
			productType = "com.apple.product-type.application";
		};
		CEFEC41E22269D5A00D3406C /* helloworldTests */ = {
			isa = PBXNativeTarget;
			buildConfigurationList = CEFEC43622269D5A00D3406C /* Build configuration list for PBXNativeTarget "helloworldTests" */;
			buildPhases = (
				CEFEC41B22269D5A00D3406C /* Sources */,
				CEFEC41C22269D5A00D3406C /* Frameworks */,
				CEFEC41D22269D5A00D3406C /* Resources */,
			);
			buildRules = (
			);
			dependencies = (
				CEFEC42122269D5A00D3406C /* PBXTargetDependency */,
			);
			name = helloworldTests;
			productName = helloworldTests;
			productReference = CEFEC41F22269D5A00D3406C /* helloworldTests.xctest */;
			productType = "com.apple.product-type.bundle.unit-test";
		};
		CEFEC42922269D5A00D3406C /* helloworldUITests */ = {
			isa = PBXNativeTarget;
			buildConfigurationList = CEFEC43922269D5A00D3406C /* Build configuration list for PBXNativeTarget "helloworldUITests" */;
			buildPhases = (
				CEFEC42622269D5A00D3406C /* Sources */,
				CEFEC42722269D5A00D3406C /* Frameworks */,
				CEFEC42822269D5A00D3406C /* Resources */,
			);
			buildRules = (
			);
			dependencies = (
				CEFEC42C22269D5A00D3406C /* PBXTargetDependency */,
			);
			name = helloworldUITests;
			productName = helloworldUITests;
			productReference = CEFEC42A22269D5A00D3406C /* helloworldUITests.xctest */;
			productType = "com.apple.product-type.bundle.ui-testing";
		};
/* End PBXNativeTarget section */

/* Begin PBXProject section */
		CEFEC40322269D4500D3406C /* Project object */ = {
			isa = PBXProject;
			attributes = {
				LastSwiftUpdateCheck = 1010;
				LastUpgradeCheck = 1010;
				ORGANIZATIONNAME = USER;
				TargetAttributes = {
					CEFEC40A22269D4600D3406C = {
						CreatedOnToolsVersion = 10.1;
					};
					CEFEC41E22269D5A00D3406C = {
						CreatedOnToolsVersion = 10.1;
						TestTargetID = CEFEC40A22269D4600D3406C;
					};
					CEFEC42922269D5A00D3406C = {
						CreatedOnToolsVersion = 10.1;
						TestTargetID = CEFEC40A22269D4600D3406C;
					};
				};
			};
			buildConfigurationList = CEFEC40622269D4500D3406C /* Build configuration list for PBXProject "helloworld" */;
			compatibilityVersion = "Xcode 9.3";
			developmentRegion = en;
			hasScannedForEncodings = 0;
			knownRegions = (
				en,
				Base,
			);
			mainGroup = CEFEC40222269D4500D3406C;
			productRefGroup = CEFEC40C22269D4600D3406C /* Products */;
			projectDirPath = "";
			projectRoot = "";
			targets = (
				CEFEC40A22269D4600D3406C /* helloworld */,
				CEFEC41E22269D5A00D3406C /* helloworldTests */,
				CEFEC42922269D5A00D3406C /* helloworldUITests */,
			);
		};
/* End PBXProject section */

/* Begin PBXResourcesBuildPhase section */
		CEFEC40922269D4600D3406C /* Resources */ = {
			isa = PBXResourcesBuildPhase;
			buildActionMask = 2147483647;
			files = (
				CEFEC41922269D5A00D3406C /* LaunchScreen.storyboard in Resources */,
				CEFEC41622269D5A00D3406C /* Assets.xcassets in Resources */,
				CEFEC41422269D4600D3406C /* Main.storyboard in Resources */,
			);
			runOnlyForDeploymentPostprocessing = 0;
		};
		CEFEC41D22269D5A00D3406C /* Resources */ = {
			isa = PBXResourcesBuildPhase;
			buildActionMask = 2147483647;
			files = (
			);
			runOnlyForDeploymentPostprocessing = 0;
		};
		CEFEC42822269D5A00D3406C /* Resources */ = {
			isa = PBXResourcesBuildPhase;
			buildActionMask = 2147483647;
			files = (
			);
			runOnlyForDeploymentPostprocessing = 0;
		};
/* End PBXResourcesBuildPhase section */

/* Begin PBXSourcesBuildPhase section */
		CEFEC40722269D4600D3406C /* Sources */ = {
			isa = PBXSourcesBuildPhase;
			buildActionMask = 2147483647;
			files = (
				CEFEC41122269D4600D3406C /* ViewController.swift in Sources */,
				CEFEC40F22269D4600D3406C /* AppDelegate.swift in Sources */,
			);
			runOnlyForDeploymentPostprocessing = 0;
		};
		CEFEC41B22269D5A00D3406C /* Sources */ = {
			isa = PBXSourcesBuildPhase;
			buildActionMask = 2147483647;
			files = (
				CEFEC42422269D5A00D3406C /* helloworldTests.swift in Sources */,
			);
			runOnlyForDeploymentPostprocessing = 0;
		};
		CEFEC42622269D5A00D3406C /* Sources */ = {
			isa = PBXSourcesBuildPhase;
			buildActionMask = 2147483647;
			files = (
				CEFEC42F22269D5A00D3406C /* helloworldUITests.swift in Sources */,
			);
			runOnlyForDeploymentPostprocessing = 0;
		};
/* End PBXSourcesBuildPhase section */

/* Begin PBXTargetDependency section */
		CEFEC42122269D5A00D3406C /* PBXTargetDependency */ = {
			isa = PBXTargetDependency;
			target = CEFEC40A22269D4600D3406C /* helloworld */;
			targetProxy = CEFEC42022269D5A00D3406C /* PBXContainerItemProxy */;
		};
		CEFEC42C22269D5A00D3406C /* PBXTargetDependency */ = {
			isa = PBXTargetDependency;
			target = CEFEC40A22269D4600D3406C /* helloworld */;
			targetProxy = CEFEC42B22269D5A00D3406C /* PBXContainerItemProxy */;
		};
/* End PBXTargetDependency section */

/* Begin PBXVariantGroup section */
		CEFEC41222269D4600D3406C /* Main.storyboard */ = {
			isa = PBXVariantGroup;
			children = (
				CEFEC41322269D4600D3406C /* Base */,
			);
			name = Main.storyboard;
			sourceTree = "<group>";
		};
		CEFEC41722269D5A00D3406C /* LaunchScreen.storyboard */ = {
			isa = PBXVariantGroup;
			children = (
				CEFEC41822269D5A00D3406C /* Base */,
			);
			name = LaunchScreen.storyboard;
			sourceTree = "<group>";
		};
/* End PBXVariantGroup section */

/* Begin XCBuildConfiguration section */
		CEFEC43122269D5A00D3406C /* Debug */ = {
			isa = XCBuildConfiguration;
			buildSettings = {
				ALWAYS_SEARCH_USER_PATHS = NO;
				CLANG_ANALYZER_NONNULL = YES;
				CLANG_ANALYZER_NUMBER_OBJECT_CONVERSION = YES_AGGRESSIVE;
				CLANG_CXX_LANGUAGE_STANDARD = "gnu++14";
				CLANG_CXX_LIBRARY = "libc++";
				CLANG_ENABLE_MODULES = YES;
				CLANG_ENABLE_OBJC_ARC = YES;
				CLANG_ENABLE_OBJC_WEAK = YES;
				CLANG_WARN_BLOCK_CAPTURE_AUTORELEASING = YES;
				CLANG_WARN_BOOL_CONVERSION = YES;
				CLANG_WARN_COMMA = YES;
				CLANG_WARN_CONSTANT_CONVERSION = YES;
				CLANG_WARN_DEPRECATED_OBJC_IMPLEMENTATIONS = YES;
				CLANG_WARN_DIRECT_OBJC_ISA_USAGE = YES_ERROR;
				CLANG_WARN_DOCUMENTATION_COMMENTS = YES;
				CLANG_WARN_EMPTY_BODY = YES;
				CLANG_WARN_ENUM_CONVERSION = YES;
				CLANG_WARN_INFINITE_RECURSION = YES;
				CLANG_WARN_INT_CONVERSION = YES;
				CLANG_WARN_NON_LITERAL_NULL_CONVERSION = YES;
				CLANG_WARN_OBJC_IMPLICIT_RETAIN_SELF = YES;
				CLANG_WARN_OBJC_LITERAL_CONVERSION = YES;
				CLANG_WARN_OBJC_ROOT_CLASS = YES_ERROR;
				CLANG_WARN_RANGE_LOOP_ANALYSIS = YES;
				CLANG_WARN_STRICT_PROTOTYPES = YES;
				CLANG_WARN_SUSPICIOUS_MOVE = YES;
				CLANG_WARN_UNGUARDED_AVAILABILITY = YES_AGGRESSIVE;
				CLANG_WARN_UNREACHABLE_CODE = YES;
				CLANG_WARN__DUPLICATE_METHOD_MATCH = YES;
				CODE_SIGN_IDENTITY = "iPhone Developer";
				COPY_PHASE_STRIP = NO;
				DEBUG_INFORMATION_FORMAT = dwarf;
				ENABLE_STRICT_OBJC_MSGSEND = YES;
				ENABLE_TESTABILITY = YES;
				GCC_C_LANGUAGE_STANDARD = gnu11;
				GCC_DYNAMIC_NO_PIC = NO;
				GCC_NO_COMMON_BLOCKS = YES;
				GCC_OPTIMIZATION_LEVEL = 0;
				GCC_PREPROCESSOR_DEFINITIONS = (
					"DEBUG=1",
					"$(inherited)",
				);
				GCC_WARN_64_TO_32_BIT_CONVERSION = YES;
				GCC_WARN_ABOUT_RETURN_TYPE = YES_ERROR;
				GCC_WARN_UNDECLARED_SELECTOR = YES;
				GCC_WARN_UNINITIALIZED_AUTOS = YES_AGGRESSIVE;
				GCC_WARN_UNUSED_FUNCTION = YES;
				GCC_WARN_UNUSED_VARIABLE = YES;
				IPHONEOS_DEPLOYMENT_TARGET = 12.1;
				MTL_ENABLE_DEBUG_INFO = INCLUDE_SOURCE;
				MTL_FAST_MATH = YES;
				ONLY_ACTIVE_ARCH = YES;
				SDKROOT = iphoneos;
				SWIFT_ACTIVE_COMPILATION_CONDITIONS = DEBUG;
				SWIFT_OPTIMIZATION_LEVEL = "-Onone";
			};
			name = Debug;
		};
		CEFEC43222269D5A00D3406C /* Release */ = {
			isa = XCBuildConfiguration;
			buildSettings = {
				ALWAYS_SEARCH_USER_PATHS = NO;
				CLANG_ANALYZER_NONNULL = YES;
				CLANG_ANALYZER_NUMBER_OBJECT_CONVERSION = YES_AGGRESSIVE;
				CLANG_CXX_LANGUAGE_STANDARD = "gnu++14";
				CLANG_CXX_LIBRARY = "libc++";
				CLANG_ENABLE_MODULES = YES;
				CLANG_ENABLE_OBJC_ARC = YES;
				CLANG_ENABLE_OBJC_WEAK = YES;
				CLANG_WARN_BLOCK_CAPTURE_AUTORELEASING = YES;
				CLANG_WARN_BOOL_CONVERSION = YES;
				CLANG_WARN_COMMA = YES;
				CLANG_WARN_CONSTANT_CONVERSION = YES;
				CLANG_WARN_DEPRECATED_OBJC_IMPLEMENTATIONS = YES;
				CLANG_WARN_DIRECT_OBJC_ISA_USAGE = YES_ERROR;
				CLANG_WARN_DOCUMENTATION_COMMENTS = YES;
				CLANG_WARN_EMPTY_BODY = YES;
				CLANG_WARN_ENUM_CONVERSION = YES;
				CLANG_WARN_INFINITE_RECURSION = YES;
				CLANG_WARN_INT_CONVERSION = YES;
				CLANG_WARN_NON_LITERAL_NULL_CONVERSION = YES;
				CLANG_WARN_OBJC_IMPLICIT_RETAIN_SELF = YES;
				CLANG_WARN_OBJC_LITERAL_CONVERSION = YES;
				CLANG_WARN_OBJC_ROOT_CLASS = YES_ERROR;
				CLANG_WARN_RANGE_LOOP_ANALYSIS = YES;
				CLANG_WARN_STRICT_PROTOTYPES = YES;
				CLANG_WARN_SUSPICIOUS_MOVE = YES;
				CLANG_WARN_UNGUARDED_AVAILABILITY = YES_AGGRESSIVE;
				CLANG_WARN_UNREACHABLE_CODE = YES;
				CLANG_WARN__DUPLICATE_METHOD_MATCH = YES;
				CODE_SIGN_IDENTITY = "iPhone Developer";
				COPY_PHASE_STRIP = NO;
				DEBUG_INFORMATION_FORMAT = "dwarf-with-dsym";
				ENABLE_NS_ASSERTIONS = NO;
				ENABLE_STRICT_OBJC_MSGSEND = YES;
				GCC_C_LANGUAGE_STANDARD = gnu11;
				GCC_NO_COMMON_BLOCKS = YES;
				GCC_WARN_64_TO_32_BIT_CONVERSION = YES;
				GCC_WARN_ABOUT_RETURN_TYPE = YES_ERROR;
				GCC_WARN_UNDECLARED_SELECTOR = YES;
				GCC_WARN_UNINITIALIZED_AUTOS = YES_AGGRESSIVE;
				GCC_WARN_UNUSED_FUNCTION = YES;
				GCC_WARN_UNUSED_VARIABLE = YES;
				IPHONEOS_DEPLOYMENT_TARGET = 12.1;
				MTL_ENABLE_DEBUG_INFO = NO;
				MTL_FAST_MATH = YES;
				SDKROOT = iphoneos;
				SWIFT_COMPILATION_MODE = wholemodule;
				SWIFT_OPTIMIZATION_LEVEL = "-O";
				VALIDATE_PRODUCT = YES;
			};
			name = Release;
		};
		CEFEC43422269D5A00D3406C /* Debug */ = {
			isa = XCBuildConfiguration;
			buildSettings = {
				ASSETCATALOG_COMPILER_APPICON_NAME = AppIcon;
				CODE_SIGN_STYLE = Automatic;
				DEVELOPMENT_TEAM = L692YCJRF9;
				INFOPLIST_FILE = helloworld/Info.plist;
				LD_RUNPATH_SEARCH_PATHS = (
					"$(inherited)",
					"@executable_path/Frameworks",
				);
				PRODUCT_BUNDLE_IDENTIFIER = jp.techacademy.kota.isayama.helloworld;
				PRODUCT_NAME = "$(TARGET_NAME)";
				SWIFT_VERSION = 4.2;
				TARGETED_DEVICE_FAMILY = 1;
			};
			name = Debug;
		};
		CEFEC43522269D5A00D3406C /* Release */ = {
			isa = XCBuildConfiguration;
			buildSettings = {
				ASSETCATALOG_COMPILER_APPICON_NAME = AppIcon;
				CODE_SIGN_STYLE = Automatic;
				DEVELOPMENT_TEAM = L692YCJRF9;
				INFOPLIST_FILE = helloworld/Info.plist;
				LD_RUNPATH_SEARCH_PATHS = (
					"$(inherited)",
					"@executable_path/Frameworks",
				);
				PRODUCT_BUNDLE_IDENTIFIER = jp.techacademy.kota.isayama.helloworld;
				PRODUCT_NAME = "$(TARGET_NAME)";
				SWIFT_VERSION = 4.2;
				TARGETED_DEVICE_FAMILY = 1;
			};
			name = Release;
		};
		CEFEC43722269D5A00D3406C /* Debug */ = {
			isa = XCBuildConfiguration;
			buildSettings = {
				ALWAYS_EMBED_SWIFT_STANDARD_LIBRARIES = YES;
				BUNDLE_LOADER = "$(TEST_HOST)";
				CODE_SIGN_STYLE = Automatic;
				INFOPLIST_FILE = helloworldTests/Info.plist;
				LD_RUNPATH_SEARCH_PATHS = (
					"$(inherited)",
					"@executable_path/Frameworks",
					"@loader_path/Frameworks",
				);
				PRODUCT_BUNDLE_IDENTIFIER = jp.techacademy.kota.isayama.helloworldTests;
				PRODUCT_NAME = "$(TARGET_NAME)";
				SWIFT_VERSION = 4.2;
				TARGETED_DEVICE_FAMILY = "1,2";
				TEST_HOST = "$(BUILT_PRODUCTS_DIR)/helloworld.app/helloworld";
			};
			name = Debug;
		};
		CEFEC43822269D5A00D3406C /* Release */ = {
			isa = XCBuildConfiguration;
			buildSettings = {
				ALWAYS_EMBED_SWIFT_STANDARD_LIBRARIES = YES;
				BUNDLE_LOADER = "$(TEST_HOST)";
				CODE_SIGN_STYLE = Automatic;
				INFOPLIST_FILE = helloworldTests/Info.plist;
				LD_RUNPATH_SEARCH_PATHS = (
					"$(inherited)",
					"@executable_path/Frameworks",
					"@loader_path/Frameworks",
				);
				PRODUCT_BUNDLE_IDENTIFIER = jp.techacademy.kota.isayama.helloworldTests;
				PRODUCT_NAME = "$(TARGET_NAME)";
				SWIFT_VERSION = 4.2;
				TARGETED_DEVICE_FAMILY = "1,2";
				TEST_HOST = "$(BUILT_PRODUCTS_DIR)/helloworld.app/helloworld";
			};
			name = Release;
		};
		CEFEC43A22269D5A00D3406C /* Debug */ = {
			isa = XCBuildConfiguration;
			buildSettings = {
				ALWAYS_EMBED_SWIFT_STANDARD_LIBRARIES = YES;
				CODE_SIGN_STYLE = Automatic;
				INFOPLIST_FILE = helloworldUITests/Info.plist;
				LD_RUNPATH_SEARCH_PATHS = (
					"$(inherited)",
					"@executable_path/Frameworks",
					"@loader_path/Frameworks",
				);
				PRODUCT_BUNDLE_IDENTIFIER = jp.techacademy.kota.isayama.helloworldUITests;
				PRODUCT_NAME = "$(TARGET_NAME)";
				SWIFT_VERSION = 4.2;
				TARGETED_DEVICE_FAMILY = "1,2";
				TEST_TARGET_NAME = helloworld;
			};
			name = Debug;
		};
		CEFEC43B22269D5A00D3406C /* Release */ = {
			isa = XCBuildConfiguration;
			buildSettings = {
				ALWAYS_EMBED_SWIFT_STANDARD_LIBRARIES = YES;
				CODE_SIGN_STYLE = Automatic;
				INFOPLIST_FILE = helloworldUITests/Info.plist;
				LD_RUNPATH_SEARCH_PATHS = (
					"$(inherited)",
					"@executable_path/Frameworks",
					"@loader_path/Frameworks",
				);
				PRODUCT_BUNDLE_IDENTIFIER = jp.techacademy.kota.isayama.helloworldUITests;
				PRODUCT_NAME = "$(TARGET_NAME)";
				SWIFT_VERSION = 4.2;
				TARGETED_DEVICE_FAMILY = "1,2";
				TEST_TARGET_NAME = helloworld;
			};
			name = Release;
		};
/* End XCBuildConfiguration section */

/* Begin XCConfigurationList section */
		CEFEC40622269D4500D3406C /* Build configuration list for PBXProject "helloworld" */ = {
			isa = XCConfigurationList;
			buildConfigurations = (
				CEFEC43122269D5A00D3406C /* Debug */,
				CEFEC43222269D5A00D3406C /* Release */,
			);
			defaultConfigurationIsVisible = 0;
			defaultConfigurationName = Release;
		};
		CEFEC43322269D5A00D3406C /* Build configuration list for PBXNativeTarget "helloworld" */ = {
			isa = XCConfigurationList;
			buildConfigurations = (
				CEFEC43422269D5A00D3406C /* Debug */,
				CEFEC43522269D5A00D3406C /* Release */,
			);
			defaultConfigurationIsVisible = 0;
			defaultConfigurationName = Release;
		};
		CEFEC43622269D5A00D3406C /* Build configuration list for PBXNativeTarget "helloworldTests" */ = {
			isa = XCConfigurationList;
			buildConfigurations = (
				CEFEC43722269D5A00D3406C /* Debug */,
				CEFEC43822269D5A00D3406C /* Release */,
			);
			defaultConfigurationIsVisible = 0;
			defaultConfigurationName = Release;
		};
		CEFEC43922269D5A00D3406C /* Build configuration list for PBXNativeTarget "helloworldUITests" */ = {
			isa = XCConfigurationList;
			buildConfigurations = (
				CEFEC43A22269D5A00D3406C /* Debug */,
				CEFEC43B22269D5A00D3406C /* Release */,
			);
			defaultConfigurationIsVisible = 0;
			defaultConfigurationName = Release;
		};
/* End XCConfigurationList section */
	};
	rootObject = CEFEC40322269D4500D3406C /* Project object */;
}
